// !$*UTF8*$!
{
	archiveVersion = 1;
	classes = {
	};
	objectVersion = 55;
	objects = {

/* Begin PBXBuildFile section */
		6533824D288584DB0031C1D2 /* AppDelegate.swift in Sources */ = {isa = PBXBuildFile; fileRef = 6533824C288584DB0031C1D2 /* AppDelegate.swift */; };
		6533824F288584DB0031C1D2 /* SceneDelegate.swift in Sources */ = {isa = PBXBuildFile; fileRef = 6533824E288584DB0031C1D2 /* SceneDelegate.swift */; };
		65338251288584DB0031C1D2 /* ViewController.swift in Sources */ = {isa = PBXBuildFile; fileRef = 65338250288584DB0031C1D2 /* ViewController.swift */; };
		65338254288584DB0031C1D2 /* Main.storyboard in Resources */ = {isa = PBXBuildFile; fileRef = 65338252288584DB0031C1D2 /* Main.storyboard */; };
		65338256288584DD0031C1D2 /* Assets.xcassets in Resources */ = {isa = PBXBuildFile; fileRef = 65338255288584DD0031C1D2 /* Assets.xcassets */; };
		65338259288584DD0031C1D2 /* LaunchScreen.storyboard in Resources */ = {isa = PBXBuildFile; fileRef = 65338257288584DD0031C1D2 /* LaunchScreen.storyboard */; };
		65338264288584DD0031C1D2 /* StoryLineTests.swift in Sources */ = {isa = PBXBuildFile; fileRef = 65338263288584DD0031C1D2 /* StoryLineTests.swift */; };
		6533826E288584DD0031C1D2 /* StoryLineUITests.swift in Sources */ = {isa = PBXBuildFile; fileRef = 6533826D288584DD0031C1D2 /* StoryLineUITests.swift */; };
		65338270288584DD0031C1D2 /* StoryLineUITestsLaunchTests.swift in Sources */ = {isa = PBXBuildFile; fileRef = 6533826F288584DD0031C1D2 /* StoryLineUITestsLaunchTests.swift */; };
/* End PBXBuildFile section */

/* Begin PBXContainerItemProxy section */
		65338260288584DD0031C1D2 /* PBXContainerItemProxy */ = {
			isa = PBXContainerItemProxy;
			containerPortal = 65338241288584DB0031C1D2 /* Project object */;
			proxyType = 1;
			remoteGlobalIDString = 65338248288584DB0031C1D2;
			remoteInfo = StoryLine;
		};
		6533826A288584DD0031C1D2 /* PBXContainerItemProxy */ = {
			isa = PBXContainerItemProxy;
			containerPortal = 65338241288584DB0031C1D2 /* Project object */;
			proxyType = 1;
			remoteGlobalIDString = 65338248288584DB0031C1D2;
			remoteInfo = StoryLine;
		};
/* End PBXContainerItemProxy section */

/* Begin PBXFileReference section */
		65338249288584DB0031C1D2 /* StoryLine.app */ = {isa = PBXFileReference; explicitFileType = wrapper.application; includeInIndex = 0; path = StoryLine.app; sourceTree = BUILT_PRODUCTS_DIR; };
		6533824C288584DB0031C1D2 /* AppDelegate.swift */ = {isa = PBXFileReference; lastKnownFileType = sourcecode.swift; path = AppDelegate.swift; sourceTree = "<group>"; };
		6533824E288584DB0031C1D2 /* SceneDelegate.swift */ = {isa = PBXFileReference; lastKnownFileType = sourcecode.swift; path = SceneDelegate.swift; sourceTree = "<group>"; };
		65338250288584DB0031C1D2 /* ViewController.swift */ = {isa = PBXFileReference; lastKnownFileType = sourcecode.swift; path = ViewController.swift; sourceTree = "<group>"; };
		65338253288584DB0031C1D2 /* Base */ = {isa = PBXFileReference; lastKnownFileType = file.storyboard; name = Base; path = Base.lproj/Main.storyboard; sourceTree = "<group>"; };
		65338255288584DD0031C1D2 /* Assets.xcassets */ = {isa = PBXFileReference; lastKnownFileType = folder.assetcatalog; path = Assets.xcassets; sourceTree = "<group>"; };
		65338258288584DD0031C1D2 /* Base */ = {isa = PBXFileReference; lastKnownFileType = file.storyboard; name = Base; path = Base.lproj/LaunchScreen.storyboard; sourceTree = "<group>"; };
		6533825A288584DD0031C1D2 /* Info.plist */ = {isa = PBXFileReference; lastKnownFileType = text.plist.xml; path = Info.plist; sourceTree = "<group>"; };
		6533825F288584DD0031C1D2 /* StoryLineTests.xctest */ = {isa = PBXFileReference; explicitFileType = wrapper.cfbundle; includeInIndex = 0; path = StoryLineTests.xctest; sourceTree = BUILT_PRODUCTS_DIR; };
		65338263288584DD0031C1D2 /* StoryLineTests.swift */ = {isa = PBXFileReference; lastKnownFileType = sourcecode.swift; path = StoryLineTests.swift; sourceTree = "<group>"; };
		65338269288584DD0031C1D2 /* StoryLineUITests.xctest */ = {isa = PBXFileReference; explicitFileType = wrapper.cfbundle; includeInIndex = 0; path = StoryLineUITests.xctest; sourceTree = BUILT_PRODUCTS_DIR; };
		6533826D288584DD0031C1D2 /* StoryLineUITests.swift */ = {isa = PBXFileReference; lastKnownFileType = sourcecode.swift; path = StoryLineUITests.swift; sourceTree = "<group>"; };
		6533826F288584DD0031C1D2 /* StoryLineUITestsLaunchTests.swift */ = {isa = PBXFileReference; lastKnownFileType = sourcecode.swift; path = StoryLineUITestsLaunchTests.swift; sourceTree = "<group>"; };
/* End PBXFileReference section */

/* Begin PBXFrameworksBuildPhase section */
		65338246288584DB0031C1D2 /* Frameworks */ = {
			isa = PBXFrameworksBuildPhase;
			buildActionMask = 2147483647;
			files = (
			);
			runOnlyForDeploymentPostprocessing = 0;
		};
		6533825C288584DD0031C1D2 /* Frameworks */ = {
			isa = PBXFrameworksBuildPhase;
			buildActionMask = 2147483647;
			files = (
			);
			runOnlyForDeploymentPostprocessing = 0;
		};
		65338266288584DD0031C1D2 /* Frameworks */ = {
			isa = PBXFrameworksBuildPhase;
			buildActionMask = 2147483647;
			files = (
			);
			runOnlyForDeploymentPostprocessing = 0;
		};
/* End PBXFrameworksBuildPhase section */

/* Begin PBXGroup section */
		65338240288584DB0031C1D2 = {
			isa = PBXGroup;
			children = (
				6533824B288584DB0031C1D2 /* StoryLine */,
				65338262288584DD0031C1D2 /* StoryLineTests */,
				6533826C288584DD0031C1D2 /* StoryLineUITests */,
				6533824A288584DB0031C1D2 /* Products */,
			);
			sourceTree = "<group>";
		};
		6533824A288584DB0031C1D2 /* Products */ = {
			isa = PBXGroup;
			children = (
				65338249288584DB0031C1D2 /* StoryLine.app */,
				6533825F288584DD0031C1D2 /* StoryLineTests.xctest */,
				65338269288584DD0031C1D2 /* StoryLineUITests.xctest */,
			);
			name = Products;
			sourceTree = "<group>";
		};
		6533824B288584DB0031C1D2 /* StoryLine */ = {
			isa = PBXGroup;
			children = (
				6533824C288584DB0031C1D2 /* AppDelegate.swift */,
				6533824E288584DB0031C1D2 /* SceneDelegate.swift */,
				65338250288584DB0031C1D2 /* ViewController.swift */,
				65338252288584DB0031C1D2 /* Main.storyboard */,
				65338255288584DD0031C1D2 /* Assets.xcassets */,
				65338257288584DD0031C1D2 /* LaunchScreen.storyboard */,
				6533825A288584DD0031C1D2 /* Info.plist */,
			);
			path = StoryLine;
			sourceTree = "<group>";
		};
		65338262288584DD0031C1D2 /* StoryLineTests */ = {
			isa = PBXGroup;
			children = (
				65338263288584DD0031C1D2 /* StoryLineTests.swift */,
			);
			path = StoryLineTests;
			sourceTree = "<group>";
		};
		6533826C288584DD0031C1D2 /* StoryLineUITests */ = {
			isa = PBXGroup;
			children = (
				6533826D288584DD0031C1D2 /* StoryLineUITests.swift */,
				6533826F288584DD0031C1D2 /* StoryLineUITestsLaunchTests.swift */,
			);
			path = StoryLineUITests;
			sourceTree = "<group>";
		};
/* End PBXGroup section */

/* Begin PBXNativeTarget section */
		65338248288584DB0031C1D2 /* StoryLine */ = {
			isa = PBXNativeTarget;
			buildConfigurationList = 65338273288584DD0031C1D2 /* Build configuration list for PBXNativeTarget "StoryLine" */;
			buildPhases = (
				65338245288584DB0031C1D2 /* Sources */,
				65338246288584DB0031C1D2 /* Frameworks */,
				65338247288584DB0031C1D2 /* Resources */,
			);
			buildRules = (
			);
			dependencies = (
			);
			name = StoryLine;
			productName = StoryLine;
			productReference = 65338249288584DB0031C1D2 /* StoryLine.app */;
			productType = "com.apple.product-type.application";
		};
		6533825E288584DD0031C1D2 /* StoryLineTests */ = {
			isa = PBXNativeTarget;
			buildConfigurationList = 65338276288584DD0031C1D2 /* Build configuration list for PBXNativeTarget "StoryLineTests" */;
			buildPhases = (
				6533825B288584DD0031C1D2 /* Sources */,
				6533825C288584DD0031C1D2 /* Frameworks */,
				6533825D288584DD0031C1D2 /* Resources */,
			);
			buildRules = (
			);
			dependencies = (
				65338261288584DD0031C1D2 /* PBXTargetDependency */,
			);
			name = StoryLineTests;
			productName = StoryLineTests;
			productReference = 6533825F288584DD0031C1D2 /* StoryLineTests.xctest */;
			productType = "com.apple.product-type.bundle.unit-test";
		};
		65338268288584DD0031C1D2 /* StoryLineUITests */ = {
			isa = PBXNativeTarget;
			buildConfigurationList = 65338279288584DD0031C1D2 /* Build configuration list for PBXNativeTarget "StoryLineUITests" */;
			buildPhases = (
				65338265288584DD0031C1D2 /* Sources */,
				65338266288584DD0031C1D2 /* Frameworks */,
				65338267288584DD0031C1D2 /* Resources */,
			);
			buildRules = (
			);
			dependencies = (
				6533826B288584DD0031C1D2 /* PBXTargetDependency */,
			);
			name = StoryLineUITests;
			productName = StoryLineUITests;
			productReference = 65338269288584DD0031C1D2 /* StoryLineUITests.xctest */;
			productType = "com.apple.product-type.bundle.ui-testing";
		};
/* End PBXNativeTarget section */

/* Begin PBXProject section */
		65338241288584DB0031C1D2 /* Project object */ = {
			isa = PBXProject;
			attributes = {
				BuildIndependentTargetsInParallel = 1;
				LastSwiftUpdateCheck = 1340;
				LastUpgradeCheck = 1340;
				TargetAttributes = {
					65338248288584DB0031C1D2 = {
						CreatedOnToolsVersion = 13.4.1;
					};
					6533825E288584DD0031C1D2 = {
						CreatedOnToolsVersion = 13.4.1;
						TestTargetID = 65338248288584DB0031C1D2;
					};
					65338268288584DD0031C1D2 = {
						CreatedOnToolsVersion = 13.4.1;
						TestTargetID = 65338248288584DB0031C1D2;
					};
				};
			};
			buildConfigurationList = 65338244288584DB0031C1D2 /* Build configuration list for PBXProject "StoryLine" */;
			compatibilityVersion = "Xcode 13.0";
			developmentRegion = en;
			hasScannedForEncodings = 0;
			knownRegions = (
				en,
				Base,
			);
			mainGroup = 65338240288584DB0031C1D2;
			productRefGroup = 6533824A288584DB0031C1D2 /* Products */;
			projectDirPath = "";
			projectRoot = "";
			targets = (
				65338248288584DB0031C1D2 /* StoryLine */,
				6533825E288584DD0031C1D2 /* StoryLineTests */,
				65338268288584DD0031C1D2 /* StoryLineUITests */,
			);
		};
/* End PBXProject section */

/* Begin PBXResourcesBuildPhase section */
		65338247288584DB0031C1D2 /* Resources */ = {
			isa = PBXResourcesBuildPhase;
			buildActionMask = 2147483647;
			files = (
				65338259288584DD0031C1D2 /* LaunchScreen.storyboard in Resources */,
				65338256288584DD0031C1D2 /* Assets.xcassets in Resources */,
				65338254288584DB0031C1D2 /* Main.storyboard in Resources */,
			);
			runOnlyForDeploymentPostprocessing = 0;
		};
		6533825D288584DD0031C1D2 /* Resources */ = {
			isa = PBXResourcesBuildPhase;
			buildActionMask = 2147483647;
			files = (
			);
			runOnlyForDeploymentPostprocessing = 0;
		};
		65338267288584DD0031C1D2 /* Resources */ = {
			isa = PBXResourcesBuildPhase;
			buildActionMask = 2147483647;
			files = (
			);
			runOnlyForDeploymentPostprocessing = 0;
		};
/* End PBXResourcesBuildPhase section */

/* Begin PBXSourcesBuildPhase section */
		65338245288584DB0031C1D2 /* Sources */ = {
			isa = PBXSourcesBuildPhase;
			buildActionMask = 2147483647;
			files = (
				65338251288584DB0031C1D2 /* ViewController.swift in Sources */,
				6533824D288584DB0031C1D2 /* AppDelegate.swift in Sources */,
				6533824F288584DB0031C1D2 /* SceneDelegate.swift in Sources */,
			);
			runOnlyForDeploymentPostprocessing = 0;
		};
		6533825B288584DD0031C1D2 /* Sources */ = {
			isa = PBXSourcesBuildPhase;
			buildActionMask = 2147483647;
			files = (
				65338264288584DD0031C1D2 /* StoryLineTests.swift in Sources */,
			);
			runOnlyForDeploymentPostprocessing = 0;
		};
		65338265288584DD0031C1D2 /* Sources */ = {
			isa = PBXSourcesBuildPhase;
			buildActionMask = 2147483647;
			files = (
				65338270288584DD0031C1D2 /* StoryLineUITestsLaunchTests.swift in Sources */,
				6533826E288584DD0031C1D2 /* StoryLineUITests.swift in Sources */,
			);
			runOnlyForDeploymentPostprocessing = 0;
		};
/* End PBXSourcesBuildPhase section */

/* Begin PBXTargetDependency section */
		65338261288584DD0031C1D2 /* PBXTargetDependency */ = {
			isa = PBXTargetDependency;
			target = 65338248288584DB0031C1D2 /* StoryLine */;
			targetProxy = 65338260288584DD0031C1D2 /* PBXContainerItemProxy */;
		};
		6533826B288584DD0031C1D2 /* PBXTargetDependency */ = {
			isa = PBXTargetDependency;
			target = 65338248288584DB0031C1D2 /* StoryLine */;
			targetProxy = 6533826A288584DD0031C1D2 /* PBXContainerItemProxy */;
		};
/* End PBXTargetDependency section */

/* Begin PBXVariantGroup section */
		65338252288584DB0031C1D2 /* Main.storyboard */ = {
			isa = PBXVariantGroup;
			children = (
				65338253288584DB0031C1D2 /* Base */,
			);
			name = Main.storyboard;
			sourceTree = "<group>";
		};
		65338257288584DD0031C1D2 /* LaunchScreen.storyboard */ = {
			isa = PBXVariantGroup;
			children = (
				65338258288584DD0031C1D2 /* Base */,
			);
			name = LaunchScreen.storyboard;
			sourceTree = "<group>";
		};
/* End PBXVariantGroup section */

/* Begin XCBuildConfiguration section */
		65338271288584DD0031C1D2 /* Debug */ = {
			isa = XCBuildConfiguration;
			buildSettings = {
				ALWAYS_SEARCH_USER_PATHS = NO;
				CLANG_ANALYZER_NONNULL = YES;
				CLANG_ANALYZER_NUMBER_OBJECT_CONVERSION = YES_AGGRESSIVE;
				CLANG_CXX_LANGUAGE_STANDARD = "gnu++17";
				CLANG_ENABLE_MODULES = YES;
				CLANG_ENABLE_OBJC_ARC = YES;
				CLANG_ENABLE_OBJC_WEAK = YES;
				CLANG_WARN_BLOCK_CAPTURE_AUTORELEASING = YES;
				CLANG_WARN_BOOL_CONVERSION = YES;
				CLANG_WARN_COMMA = YES;
				CLANG_WARN_CONSTANT_CONVERSION = YES;
				CLANG_WARN_DEPRECATED_OBJC_IMPLEMENTATIONS = YES;
				CLANG_WARN_DIRECT_OBJC_ISA_USAGE = YES_ERROR;
				CLANG_WARN_DOCUMENTATION_COMMENTS = YES;
				CLANG_WARN_EMPTY_BODY = YES;
				CLANG_WARN_ENUM_CONVERSION = YES;
				CLANG_WARN_INFINITE_RECURSION = YES;
				CLANG_WARN_INT_CONVERSION = YES;
				CLANG_WARN_NON_LITERAL_NULL_CONVERSION = YES;
				CLANG_WARN_OBJC_IMPLICIT_RETAIN_SELF = YES;
				CLANG_WARN_OBJC_LITERAL_CONVERSION = YES;
				CLANG_WARN_OBJC_ROOT_CLASS = YES_ERROR;
				CLANG_WARN_QUOTED_INCLUDE_IN_FRAMEWORK_HEADER = YES;
				CLANG_WARN_RANGE_LOOP_ANALYSIS = YES;
				CLANG_WARN_STRICT_PROTOTYPES = YES;
				CLANG_WARN_SUSPICIOUS_MOVE = YES;
				CLANG_WARN_UNGUARDED_AVAILABILITY = YES_AGGRESSIVE;
				CLANG_WARN_UNREACHABLE_CODE = YES;
				CLANG_WARN__DUPLICATE_METHOD_MATCH = YES;
				COPY_PHASE_STRIP = NO;
				DEBUG_INFORMATION_FORMAT = dwarf;
				ENABLE_STRICT_OBJC_MSGSEND = YES;
				ENABLE_TESTABILITY = YES;
				GCC_C_LANGUAGE_STANDARD = gnu11;
				GCC_DYNAMIC_NO_PIC = NO;
				GCC_NO_COMMON_BLOCKS = YES;
				GCC_OPTIMIZATION_LEVEL = 0;
				GCC_PREPROCESSOR_DEFINITIONS = (
					"DEBUG=1",
					"$(inherited)",
				);
				GCC_WARN_64_TO_32_BIT_CONVERSION = YES;
				GCC_WARN_ABOUT_RETURN_TYPE = YES_ERROR;
				GCC_WARN_UNDECLARED_SELECTOR = YES;
				GCC_WARN_UNINITIALIZED_AUTOS = YES_AGGRESSIVE;
				GCC_WARN_UNUSED_FUNCTION = YES;
				GCC_WARN_UNUSED_VARIABLE = YES;
				IPHONEOS_DEPLOYMENT_TARGET = 15.5;
				MTL_ENABLE_DEBUG_INFO = INCLUDE_SOURCE;
				MTL_FAST_MATH = YES;
				ONLY_ACTIVE_ARCH = YES;
				SDKROOT = iphoneos;
				SWIFT_ACTIVE_COMPILATION_CONDITIONS = DEBUG;
				SWIFT_OPTIMIZATION_LEVEL = "-Onone";
			};
			name = Debug;
		};
		65338272288584DD0031C1D2 /* Release */ = {
			isa = XCBuildConfiguration;
			buildSettings = {
				ALWAYS_SEARCH_USER_PATHS = NO;
				CLANG_ANALYZER_NONNULL = YES;
				CLANG_ANALYZER_NUMBER_OBJECT_CONVERSION = YES_AGGRESSIVE;
				CLANG_CXX_LANGUAGE_STANDARD = "gnu++17";
				CLANG_ENABLE_MODULES = YES;
				CLANG_ENABLE_OBJC_ARC = YES;
				CLANG_ENABLE_OBJC_WEAK = YES;
				CLANG_WARN_BLOCK_CAPTURE_AUTORELEASING = YES;
				CLANG_WARN_BOOL_CONVERSION = YES;
				CLANG_WARN_COMMA = YES;
				CLANG_WARN_CONSTANT_CONVERSION = YES;
				CLANG_WARN_DEPRECATED_OBJC_IMPLEMENTATIONS = YES;
				CLANG_WARN_DIRECT_OBJC_ISA_USAGE = YES_ERROR;
				CLANG_WARN_DOCUMENTATION_COMMENTS = YES;
				CLANG_WARN_EMPTY_BODY = YES;
				CLANG_WARN_ENUM_CONVERSION = YES;
				CLANG_WARN_INFINITE_RECURSION = YES;
				CLANG_WARN_INT_CONVERSION = YES;
				CLANG_WARN_NON_LITERAL_NULL_CONVERSION = YES;
				CLANG_WARN_OBJC_IMPLICIT_RETAIN_SELF = YES;
				CLANG_WARN_OBJC_LITERAL_CONVERSION = YES;
				CLANG_WARN_OBJC_ROOT_CLASS = YES_ERROR;
				CLANG_WARN_QUOTED_INCLUDE_IN_FRAMEWORK_HEADER = YES;
				CLANG_WARN_RANGE_LOOP_ANALYSIS = YES;
				CLANG_WARN_STRICT_PROTOTYPES = YES;
				CLANG_WARN_SUSPICIOUS_MOVE = YES;
				CLANG_WARN_UNGUARDED_AVAILABILITY = YES_AGGRESSIVE;
				CLANG_WARN_UNREACHABLE_CODE = YES;
				CLANG_WARN__DUPLICATE_METHOD_MATCH = YES;
				COPY_PHASE_STRIP = NO;
				DEBUG_INFORMATION_FORMAT = "dwarf-with-dsym";
				ENABLE_NS_ASSERTIONS = NO;
				ENABLE_STRICT_OBJC_MSGSEND = YES;
				GCC_C_LANGUAGE_STANDARD = gnu11;
				GCC_NO_COMMON_BLOCKS = YES;
				GCC_WARN_64_TO_32_BIT_CONVERSION = YES;
				GCC_WARN_ABOUT_RETURN_TYPE = YES_ERROR;
				GCC_WARN_UNDECLARED_SELECTOR = YES;
				GCC_WARN_UNINITIALIZED_AUTOS = YES_AGGRESSIVE;
				GCC_WARN_UNUSED_FUNCTION = YES;
				GCC_WARN_UNUSED_VARIABLE = YES;
				IPHONEOS_DEPLOYMENT_TARGET = 15.5;
				MTL_ENABLE_DEBUG_INFO = NO;
				MTL_FAST_MATH = YES;
				SDKROOT = iphoneos;
				SWIFT_COMPILATION_MODE = wholemodule;
				SWIFT_OPTIMIZATION_LEVEL = "-O";
				VALIDATE_PRODUCT = YES;
			};
			name = Release;
		};
		65338274288584DD0031C1D2 /* Debug */ = {
			isa = XCBuildConfiguration;
			buildSettings = {
				ASSETCATALOG_COMPILER_APPICON_NAME = AppIcon;
				ASSETCATALOG_COMPILER_GLOBAL_ACCENT_COLOR_NAME = AccentColor;
				CODE_SIGN_STYLE = Automatic;
				CURRENT_PROJECT_VERSION = 1;
				DEVELOPMENT_TEAM = 33389KCH5W;
				GENERATE_INFOPLIST_FILE = YES;
				INFOPLIST_FILE = StoryLine/Info.plist;
				INFOPLIST_KEY_UIApplicationSupportsIndirectInputEvents = YES;
				INFOPLIST_KEY_UILaunchStoryboardName = LaunchScreen;
				INFOPLIST_KEY_UIMainStoryboardFile = Main;
				INFOPLIST_KEY_UISupportedInterfaceOrientations_iPad = "UIInterfaceOrientationPortrait UIInterfaceOrientationPortraitUpsideDown UIInterfaceOrientationLandscapeLeft UIInterfaceOrientationLandscapeRight";
				INFOPLIST_KEY_UISupportedInterfaceOrientations_iPhone = "UIInterfaceOrientationPortrait UIInterfaceOrientationLandscapeLeft UIInterfaceOrientationLandscapeRight";
				LD_RUNPATH_SEARCH_PATHS = (
					"$(inherited)",
					"@executable_path/Frameworks",
				);
				MARKETING_VERSION = 1.0;
				PRODUCT_BUNDLE_IDENTIFIER = neskdan812Test.StoryLine;
				PRODUCT_NAME = "$(TARGET_NAME)";
				SWIFT_EMIT_LOC_STRINGS = YES;
				SWIFT_VERSION = 5.0;
				TARGETED_DEVICE_FAMILY = "1,2";
			};
			name = Debug;
		};
		65338275288584DD0031C1D2 /* Release */ = {
			isa = XCBuildConfiguration;
			buildSettings = {
				ASSETCATALOG_COMPILER_APPICON_NAME = AppIcon;
				ASSETCATALOG_COMPILER_GLOBAL_ACCENT_COLOR_NAME = AccentColor;
				CODE_SIGN_STYLE = Automatic;
				CURRENT_PROJECT_VERSION = 1;
				DEVELOPMENT_TEAM = 33389KCH5W;
				GENERATE_INFOPLIST_FILE = YES;
				INFOPLIST_FILE = StoryLine/Info.plist;
				INFOPLIST_KEY_UIApplicationSupportsIndirectInputEvents = YES;
				INFOPLIST_KEY_UILaunchStoryboardName = LaunchScreen;
				INFOPLIST_KEY_UIMainStoryboardFile = Main;
				INFOPLIST_KEY_UISupportedInterfaceOrientations_iPad = "UIInterfaceOrientationPortrait UIInterfaceOrientationPortraitUpsideDown UIInterfaceOrientationLandscapeLeft UIInterfaceOrientationLandscapeRight";
				INFOPLIST_KEY_UISupportedInterfaceOrientations_iPhone = "UIInterfaceOrientationPortrait UIInterfaceOrientationLandscapeLeft UIInterfaceOrientationLandscapeRight";
				LD_RUNPATH_SEARCH_PATHS = (
					"$(inherited)",
					"@executable_path/Frameworks",
				);
				MARKETING_VERSION = 1.0;
				PRODUCT_BUNDLE_IDENTIFIER = neskdan812Test.StoryLine;
				PRODUCT_NAME = "$(TARGET_NAME)";
				SWIFT_EMIT_LOC_STRINGS = YES;
				SWIFT_VERSION = 5.0;
				TARGETED_DEVICE_FAMILY = "1,2";
			};
			name = Release;
		};
		65338277288584DD0031C1D2 /* Debug */ = {
			isa = XCBuildConfiguration;
			buildSettings = {
				ALWAYS_EMBED_SWIFT_STANDARD_LIBRARIES = YES;
				BUNDLE_LOADER = "$(TEST_HOST)";
				CODE_SIGN_STYLE = Automatic;
				CURRENT_PROJECT_VERSION = 1;
				DEVELOPMENT_TEAM = 33389KCH5W;
				GENERATE_INFOPLIST_FILE = YES;
				IPHONEOS_DEPLOYMENT_TARGET = 15.5;
				MARKETING_VERSION = 1.0;
				PRODUCT_BUNDLE_IDENTIFIER = neskdan812Test.StoryLineTests;
				PRODUCT_NAME = "$(TARGET_NAME)";
				SWIFT_EMIT_LOC_STRINGS = NO;
				SWIFT_VERSION = 5.0;
				TARGETED_DEVICE_FAMILY = "1,2";
				TEST_HOST = "$(BUILT_PRODUCTS_DIR)/StoryLine.app/StoryLine";
			};
			name = Debug;
		};
		65338278288584DD0031C1D2 /* Release */ = {
			isa = XCBuildConfiguration;
			buildSettings = {
				ALWAYS_EMBED_SWIFT_STANDARD_LIBRARIES = YES;
				BUNDLE_LOADER = "$(TEST_HOST)";
				CODE_SIGN_STYLE = Automatic;
				CURRENT_PROJECT_VERSION = 1;
				DEVELOPMENT_TEAM = 33389KCH5W;
				GENERATE_INFOPLIST_FILE = YES;
				IPHONEOS_DEPLOYMENT_TARGET = 15.5;
				MARKETING_VERSION = 1.0;
				PRODUCT_BUNDLE_IDENTIFIER = neskdan812Test.StoryLineTests;
				PRODUCT_NAME = "$(TARGET_NAME)";
				SWIFT_EMIT_LOC_STRINGS = NO;
				SWIFT_VERSION = 5.0;
				TARGETED_DEVICE_FAMILY = "1,2";
				TEST_HOST = "$(BUILT_PRODUCTS_DIR)/StoryLine.app/StoryLine";
			};
			name = Release;
		};
		6533827A288584DD0031C1D2 /* Debug */ = {
			isa = XCBuildConfiguration;
			buildSettings = {
				ALWAYS_EMBED_SWIFT_STANDARD_LIBRARIES = YES;
				CODE_SIGN_STYLE = Automatic;
				CURRENT_PROJECT_VERSION = 1;
				DEVELOPMENT_TEAM = 33389KCH5W;
				GENERATE_INFOPLIST_FILE = YES;
				MARKETING_VERSION = 1.0;
				PRODUCT_BUNDLE_IDENTIFIER = neskdan812Test.StoryLineUITests;
				PRODUCT_NAME = "$(TARGET_NAME)";
				SWIFT_EMIT_LOC_STRINGS = NO;
				SWIFT_VERSION = 5.0;
				TARGETED_DEVICE_FAMILY = "1,2";
				TEST_TARGET_NAME = StoryLine;
			};
			name = Debug;
		};
		6533827B288584DD0031C1D2 /* Release */ = {
			isa = XCBuildConfiguration;
			buildSettings = {
				ALWAYS_EMBED_SWIFT_STANDARD_LIBRARIES = YES;
				CODE_SIGN_STYLE = Automatic;
				CURRENT_PROJECT_VERSION = 1;
				DEVELOPMENT_TEAM = 33389KCH5W;
				GENERATE_INFOPLIST_FILE = YES;
				MARKETING_VERSION = 1.0;
				PRODUCT_BUNDLE_IDENTIFIER = neskdan812Test.StoryLineUITests;
				PRODUCT_NAME = "$(TARGET_NAME)";
				SWIFT_EMIT_LOC_STRINGS = NO;
				SWIFT_VERSION = 5.0;
				TARGETED_DEVICE_FAMILY = "1,2";
				TEST_TARGET_NAME = StoryLine;
			};
			name = Release;
		};
/* End XCBuildConfiguration section */

/* Begin XCConfigurationList section */
		65338244288584DB0031C1D2 /* Build configuration list for PBXProject "StoryLine" */ = {
			isa = XCConfigurationList;
			buildConfigurations = (
				65338271288584DD0031C1D2 /* Debug */,
				65338272288584DD0031C1D2 /* Release */,
			);
			defaultConfigurationIsVisible = 0;
			defaultConfigurationName = Release;
		};
		65338273288584DD0031C1D2 /* Build configuration list for PBXNativeTarget "StoryLine" */ = {
			isa = XCConfigurationList;
			buildConfigurations = (
				65338274288584DD0031C1D2 /* Debug */,
				65338275288584DD0031C1D2 /* Release */,
			);
			defaultConfigurationIsVisible = 0;
			defaultConfigurationName = Release;
		};
		65338276288584DD0031C1D2 /* Build configuration list for PBXNativeTarget "StoryLineTests" */ = {
			isa = XCConfigurationList;
			buildConfigurations = (
				65338277288584DD0031C1D2 /* Debug */,
				65338278288584DD0031C1D2 /* Release */,
			);
			defaultConfigurationIsVisible = 0;
			defaultConfigurationName = Release;
		};
		65338279288584DD0031C1D2 /* Build configuration list for PBXNativeTarget "StoryLineUITests" */ = {
			isa = XCConfigurationList;
			buildConfigurations = (
				6533827A288584DD0031C1D2 /* Debug */,
				6533827B288584DD0031C1D2 /* Release */,
			);
			defaultConfigurationIsVisible = 0;
			defaultConfigurationName = Release;
		};
/* End XCConfigurationList section */
	};
	rootObject = 65338241288584DB0031C1D2 /* Project object */;
}
